
Microsoft Visual Studio Solution File, Format Version 12.00
# Visual Studio Version 18
VisualStudioVersion = 18.0.11123.170 d18.0
MinimumVisualStudioVersion = 10.0.40219.1
Project("{FAE04EC0-301F-11D3-BF4B-00C04F79EFBC}") = "EventIngestion.Api", "EventIngestion.Api.csproj", "{15F34887-61EF-E25F-C866-69F3ADA9065C}"
EndProject
Project("{FAE04EC0-301F-11D3-BF4B-00C04F79EFBC}") = "EventConsumers", "..\EventConsumers\EventConsumers.csproj", "{EE7DA96C-77DD-4E68-A9B6-D8544DE45198}"
EndProject
Global
	GlobalSection(SolutionConfigurationPlatforms) = preSolution
		Debug|Any CPU = Debug|Any CPU
		Release|Any CPU = Release|Any CPU
	EndGlobalSection
	GlobalSection(ProjectConfigurationPlatforms) = postSolution
		{15F34887-61EF-E25F-C866-69F3ADA9065C}.Debug|Any CPU.ActiveCfg = Debug|Any CPU
		{15F34887-61EF-E25F-C866-69F3ADA9065C}.Debug|Any CPU.Build.0 = Debug|Any CPU
		{15F34887-61EF-E25F-C866-69F3ADA9065C}.Release|Any CPU.ActiveCfg = Release|Any CPU
		{15F34887-61EF-E25F-C866-69F3ADA9065C}.Release|Any CPU.Build.0 = Release|Any CPU
		{EE7DA96C-77DD-4E68-A9B6-D8544DE45198}.Debug|Any CPU.ActiveCfg = Debug|Any CPU
		{EE7DA96C-77DD-4E68-A9B6-D8544DE45198}.Debug|Any CPU.Build.0 = Debug|Any CPU
		{EE7DA96C-77DD-4E68-A9B6-D8544DE45198}.Release|Any CPU.ActiveCfg = Release|Any CPU
		{EE7DA96C-77DD-4E68-A9B6-D8544DE45198}.Release|Any CPU.Build.0 = Release|Any CPU
	EndGlobalSection
	GlobalSection(SolutionProperties) = preSolution
		HideSolutionNode = FALSE
	EndGlobalSection
	GlobalSection(ExtensibilityGlobals) = postSolution
		SolutionGuid = {CB4216C3-B6E7-4C13-86D3-743383DB4743}
	EndGlobalSection
EndGlobal
